
Microsoft Visual Studio Solution File, Format Version 12.00
# Visual Studio Version 17
VisualStudioVersion = 17.9.34616.47
MinimumVisualStudioVersion = 10.0.40219.1
Project("{9A19103F-16F7-4668-BE54-9A1E7A4F7556}") = "OnlineCoachSystem", "OnlineCoachSystem\OnlineCoachSystem.csproj", "{C37E9465-9C9D-4492-9F4C-DEFC27271554}"
EndProject
Project("{9A19103F-16F7-4668-BE54-9A1E7A4F7556}") = "OnlineCoachingSystem.EF", "OnlineCoachingSystem.EF\OnlineCoachingSystem.EF.csproj", "{AC99555F-81D9-4FFD-9855-968841C36046}"
EndProject
Project("{9A19103F-16F7-4668-BE54-9A1E7A4F7556}") = "OnlineCoachingSystem.Repository", "OnlineCoachingSystem.Repository\OnlineCoachingSystem.Repository.csproj", "{0DC461D8-BCFE-45DC-96C9-98EE11CFF01D}"
EndProject
Global
	GlobalSection(SolutionConfigurationPlatforms) = preSolution
		Debug|Any CPU = Debug|Any CPU
		Release|Any CPU = Release|Any CPU
	EndGlobalSection
	GlobalSection(ProjectConfigurationPlatforms) = postSolution
		{C37E9465-9C9D-4492-9F4C-DEFC27271554}.Debug|Any CPU.ActiveCfg = Debug|Any CPU
		{C37E9465-9C9D-4492-9F4C-DEFC27271554}.Debug|Any CPU.Build.0 = Debug|Any CPU
		{C37E9465-9C9D-4492-9F4C-DEFC27271554}.Release|Any CPU.ActiveCfg = Release|Any CPU
		{C37E9465-9C9D-4492-9F4C-DEFC27271554}.Release|Any CPU.Build.0 = Release|Any CPU
		{AC99555F-81D9-4FFD-9855-968841C36046}.Debug|Any CPU.ActiveCfg = Debug|Any CPU
		{AC99555F-81D9-4FFD-9855-968841C36046}.Debug|Any CPU.Build.0 = Debug|Any CPU
		{AC99555F-81D9-4FFD-9855-968841C36046}.Release|Any CPU.ActiveCfg = Release|Any CPU
		{AC99555F-81D9-4FFD-9855-968841C36046}.Release|Any CPU.Build.0 = Release|Any CPU
		{0DC461D8-BCFE-45DC-96C9-98EE11CFF01D}.Debug|Any CPU.ActiveCfg = Debug|Any CPU
		{0DC461D8-BCFE-45DC-96C9-98EE11CFF01D}.Debug|Any CPU.Build.0 = Debug|Any CPU
		{0DC461D8-BCFE-45DC-96C9-98EE11CFF01D}.Release|Any CPU.ActiveCfg = Release|Any CPU
		{0DC461D8-BCFE-45DC-96C9-98EE11CFF01D}.Release|Any CPU.Build.0 = Release|Any CPU
	EndGlobalSection
	GlobalSection(SolutionProperties) = preSolution
		HideSolutionNode = FALSE
	EndGlobalSection
	GlobalSection(ExtensibilityGlobals) = postSolution
		SolutionGuid = {F2C727AC-5E79-4003-9C59-3E35002519D4}
	EndGlobalSection
EndGlobal
